// !$*UTF8*$!
{
	archiveVersion = 1;
	classes = {
	};
	objectVersion = 77;
	objects = {

/* Begin PBXBuildFile section */
		EE3F7D812E8AAA4B00031995 /* RevenueCat in Frameworks */ = {isa = PBXBuildFile; productRef = EE3F7D802E8AAA4B00031995 /* RevenueCat */; };
		EE3F7D832E8AAA4B00031995 /* RevenueCatUI in Frameworks */ = {isa = PBXBuildFile; productRef = EE3F7D822E8AAA4B00031995 /* RevenueCatUI */; };
		EE3F7F152E8ACC1600031995 /* GoogleMobileAds in Frameworks */ = {isa = PBXBuildFile; productRef = EE3F7F142E8ACC1600031995 /* GoogleMobileAds */; };
		EE3F7F182E8ACC5B00031995 /* FirebaseCore in Frameworks */ = {isa = PBXBuildFile; productRef = EE3F7F172E8ACC5B00031995 /* FirebaseCore */; };
		EE3F7F1A2E8ACC5B00031995 /* FirebaseCrashlytics in Frameworks */ = {isa = PBXBuildFile; productRef = EE3F7F192E8ACC5B00031995 /* FirebaseCrashlytics */; };
		EE3F7F1C2E8ACC5B00031995 /* FirebaseRemoteConfig in Frameworks */ = {isa = PBXBuildFile; productRef = EE3F7F1B2E8ACC5B00031995 /* FirebaseRemoteConfig */; };
		EE3F7F2A2E8ADCEC00031995 /* OpenAI in Frameworks */ = {isa = PBXBuildFile; productRef = EE3F7F292E8ADCEC00031995 /* OpenAI */; };
		EE45299C2E7D5623007543B3 /* Lottie in Frameworks */ = {isa = PBXBuildFile; productRef = EE45299B2E7D5623007543B3 /* Lottie */; };
/* End PBXBuildFile section */

/* Begin PBXFileReference section */
		EE73B70E2E6F09710061DE68 /* WaterTracker.app */ = {isa = PBXFileReference; explicitFileType = wrapper.application; includeInIndex = 0; path = WaterTracker.app; sourceTree = BUILT_PRODUCTS_DIR; };
/* End PBXFileReference section */

/* Begin PBXFileSystemSynchronizedBuildFileExceptionSet section */
		EE3F7F202E8ACFBC00031995 /* Exceptions for "WaterTracker" folder in "WaterTracker" target */ = {
			isa = PBXFileSystemSynchronizedBuildFileExceptionSet;
			membershipExceptions = (
				Info.plist,
			);
			target = EE73B70D2E6F09710061DE68 /* WaterTracker */;
		};
/* End PBXFileSystemSynchronizedBuildFileExceptionSet section */

/* Begin PBXFileSystemSynchronizedRootGroup section */
		EE73B7102E6F09710061DE68 /* WaterTracker */ = {
			isa = PBXFileSystemSynchronizedRootGroup;
			exceptions = (
				EE3F7F202E8ACFBC00031995 /* Exceptions for "WaterTracker" folder in "WaterTracker" target */,
			);
			path = WaterTracker;
			sourceTree = "<group>";
		};
/* End PBXFileSystemSynchronizedRootGroup section */

/* Begin PBXFrameworksBuildPhase section */
		EE73B70B2E6F09710061DE68 /* Frameworks */ = {
			isa = PBXFrameworksBuildPhase;
			buildActionMask = 2147483647;
			files = (
				EE3F7F152E8ACC1600031995 /* GoogleMobileAds in Frameworks */,
				EE3F7F182E8ACC5B00031995 /* FirebaseCore in Frameworks */,
				EE3F7F2A2E8ADCEC00031995 /* OpenAI in Frameworks */,
				EE3F7D812E8AAA4B00031995 /* RevenueCat in Frameworks */,
				EE3F7F1C2E8ACC5B00031995 /* FirebaseRemoteConfig in Frameworks */,
				EE3F7F1A2E8ACC5B00031995 /* FirebaseCrashlytics in Frameworks */,
				EE45299C2E7D5623007543B3 /* Lottie in Frameworks */,
				EE3F7D832E8AAA4B00031995 /* RevenueCatUI in Frameworks */,
			);
			runOnlyForDeploymentPostprocessing = 0;
		};
/* End PBXFrameworksBuildPhase section */

/* Begin PBXGroup section */
		EE73B7052E6F09710061DE68 = {
			isa = PBXGroup;
			children = (
				EE73B7102E6F09710061DE68 /* WaterTracker */,
				EE73B70F2E6F09710061DE68 /* Products */,
			);
			sourceTree = "<group>";
		};
		EE73B70F2E6F09710061DE68 /* Products */ = {
			isa = PBXGroup;
			children = (
				EE73B70E2E6F09710061DE68 /* WaterTracker.app */,
			);
			name = Products;
			sourceTree = "<group>";
		};
/* End PBXGroup section */

/* Begin PBXNativeTarget section */
		EE73B70D2E6F09710061DE68 /* WaterTracker */ = {
			isa = PBXNativeTarget;
			buildConfigurationList = EE73B71C2E6F09720061DE68 /* Build configuration list for PBXNativeTarget "WaterTracker" */;
			buildPhases = (
				EE73B70A2E6F09710061DE68 /* Sources */,
				EE73B70B2E6F09710061DE68 /* Frameworks */,
				EE73B70C2E6F09710061DE68 /* Resources */,
			);
			buildRules = (
			);
			dependencies = (
			);
			fileSystemSynchronizedGroups = (
				EE73B7102E6F09710061DE68 /* WaterTracker */,
			);
			name = WaterTracker;
			packageProductDependencies = (
				EE45299B2E7D5623007543B3 /* Lottie */,
				EE3F7D802E8AAA4B00031995 /* RevenueCat */,
				EE3F7D822E8AAA4B00031995 /* RevenueCatUI */,
				EE3F7F142E8ACC1600031995 /* GoogleMobileAds */,
				EE3F7F172E8ACC5B00031995 /* FirebaseCore */,
				EE3F7F192E8ACC5B00031995 /* FirebaseCrashlytics */,
				EE3F7F1B2E8ACC5B00031995 /* FirebaseRemoteConfig */,
				EE3F7F292E8ADCEC00031995 /* OpenAI */,
			);
			productName = WaterTracker;
			productReference = EE73B70E2E6F09710061DE68 /* WaterTracker.app */;
			productType = "com.apple.product-type.application";
		};
/* End PBXNativeTarget section */

/* Begin PBXProject section */
		EE73B7062E6F09710061DE68 /* Project object */ = {
			isa = PBXProject;
			attributes = {
				BuildIndependentTargetsInParallel = 1;
				LastSwiftUpdateCheck = 1610;
				LastUpgradeCheck = 1610;
				TargetAttributes = {
					EE73B70D2E6F09710061DE68 = {
						CreatedOnToolsVersion = 16.1;
					};
				};
			};
			buildConfigurationList = EE73B7092E6F09710061DE68 /* Build configuration list for PBXProject "WaterTracker" */;
			developmentRegion = en;
			hasScannedForEncodings = 0;
			knownRegions = (
				en,
				Base,
			);
			mainGroup = EE73B7052E6F09710061DE68;
			minimizedProjectReferenceProxies = 1;
			packageReferences = (
				EE45299A2E7D5623007543B3 /* XCRemoteSwiftPackageReference "lottie-spm" */,
				EE3F7D7F2E8AAA4B00031995 /* XCRemoteSwiftPackageReference "purchases-ios-spm" */,
				EE3F7F132E8ACC1600031995 /* XCRemoteSwiftPackageReference "swift-package-manager-google-mobile-ads" */,
				EE3F7F162E8ACC5B00031995 /* XCRemoteSwiftPackageReference "firebase-ios-sdk" */,
				EE3F7F282E8ADCEC00031995 /* XCRemoteSwiftPackageReference "OpenAI" */,
			);
			preferredProjectObjectVersion = 77;
			productRefGroup = EE73B70F2E6F09710061DE68 /* Products */;
			projectDirPath = "";
			projectRoot = "";
			targets = (
				EE73B70D2E6F09710061DE68 /* WaterTracker */,
			);
		};
/* End PBXProject section */

/* Begin PBXResourcesBuildPhase section */
		EE73B70C2E6F09710061DE68 /* Resources */ = {
			isa = PBXResourcesBuildPhase;
			buildActionMask = 2147483647;
			files = (
			);
			runOnlyForDeploymentPostprocessing = 0;
		};
/* End PBXResourcesBuildPhase section */

/* Begin PBXSourcesBuildPhase section */
		EE73B70A2E6F09710061DE68 /* Sources */ = {
			isa = PBXSourcesBuildPhase;
			buildActionMask = 2147483647;
			files = (
			);
			runOnlyForDeploymentPostprocessing = 0;
		};
/* End PBXSourcesBuildPhase section */

/* Begin XCBuildConfiguration section */
		EE73B71A2E6F09720061DE68 /* Debug */ = {
			isa = XCBuildConfiguration;
			buildSettings = {
				ALWAYS_SEARCH_USER_PATHS = NO;
				ASSETCATALOG_COMPILER_GENERATE_SWIFT_ASSET_SYMBOL_EXTENSIONS = YES;
				CLANG_ANALYZER_NONNULL = YES;
				CLANG_ANALYZER_NUMBER_OBJECT_CONVERSION = YES_AGGRESSIVE;
				CLANG_CXX_LANGUAGE_STANDARD = "gnu++20";
				CLANG_ENABLE_MODULES = YES;
				CLANG_ENABLE_OBJC_ARC = YES;
				CLANG_ENABLE_OBJC_WEAK = YES;
				CLANG_WARN_BLOCK_CAPTURE_AUTORELEASING = YES;
				CLANG_WARN_BOOL_CONVERSION = YES;
				CLANG_WARN_COMMA = YES;
				CLANG_WARN_CONSTANT_CONVERSION = YES;
				CLANG_WARN_DEPRECATED_OBJC_IMPLEMENTATIONS = YES;
				CLANG_WARN_DIRECT_OBJC_ISA_USAGE = YES_ERROR;
				CLANG_WARN_DOCUMENTATION_COMMENTS = YES;
				CLANG_WARN_EMPTY_BODY = YES;
				CLANG_WARN_ENUM_CONVERSION = YES;
				CLANG_WARN_INFINITE_RECURSION = YES;
				CLANG_WARN_INT_CONVERSION = YES;
				CLANG_WARN_NON_LITERAL_NULL_CONVERSION = YES;
				CLANG_WARN_OBJC_IMPLICIT_RETAIN_SELF = YES;
				CLANG_WARN_OBJC_LITERAL_CONVERSION = YES;
				CLANG_WARN_OBJC_ROOT_CLASS = YES_ERROR;
				CLANG_WARN_QUOTED_INCLUDE_IN_FRAMEWORK_HEADER = YES;
				CLANG_WARN_RANGE_LOOP_ANALYSIS = YES;
				CLANG_WARN_STRICT_PROTOTYPES = YES;
				CLANG_WARN_SUSPICIOUS_MOVE = YES;
				CLANG_WARN_UNGUARDED_AVAILABILITY = YES_AGGRESSIVE;
				CLANG_WARN_UNREACHABLE_CODE = YES;
				CLANG_WARN__DUPLICATE_METHOD_MATCH = YES;
				COPY_PHASE_STRIP = NO;
				DEBUG_INFORMATION_FORMAT = dwarf;
				ENABLE_STRICT_OBJC_MSGSEND = YES;
				ENABLE_TESTABILITY = YES;
				ENABLE_USER_SCRIPT_SANDBOXING = YES;
				GCC_C_LANGUAGE_STANDARD = gnu17;
				GCC_DYNAMIC_NO_PIC = NO;
				GCC_NO_COMMON_BLOCKS = YES;
				GCC_OPTIMIZATION_LEVEL = 0;
				GCC_PREPROCESSOR_DEFINITIONS = (
					"DEBUG=1",
					"$(inherited)",
				);
				GCC_WARN_64_TO_32_BIT_CONVERSION = YES;
				GCC_WARN_ABOUT_RETURN_TYPE = YES_ERROR;
				GCC_WARN_UNDECLARED_SELECTOR = YES;
				GCC_WARN_UNINITIALIZED_AUTOS = YES_AGGRESSIVE;
				GCC_WARN_UNUSED_FUNCTION = YES;
				GCC_WARN_UNUSED_VARIABLE = YES;
				IPHONEOS_DEPLOYMENT_TARGET = 18.1;
				LOCALIZATION_PREFERS_STRING_CATALOGS = YES;
				MTL_ENABLE_DEBUG_INFO = INCLUDE_SOURCE;
				MTL_FAST_MATH = YES;
				ONLY_ACTIVE_ARCH = YES;
				SDKROOT = iphoneos;
				SWIFT_ACTIVE_COMPILATION_CONDITIONS = "DEBUG $(inherited)";
				SWIFT_OPTIMIZATION_LEVEL = "-Onone";
			};
			name = Debug;
		};
		EE73B71B2E6F09720061DE68 /* Release */ = {
			isa = XCBuildConfiguration;
			buildSettings = {
				ALWAYS_SEARCH_USER_PATHS = NO;
				ASSETCATALOG_COMPILER_GENERATE_SWIFT_ASSET_SYMBOL_EXTENSIONS = YES;
				CLANG_ANALYZER_NONNULL = YES;
				CLANG_ANALYZER_NUMBER_OBJECT_CONVERSION = YES_AGGRESSIVE;
				CLANG_CXX_LANGUAGE_STANDARD = "gnu++20";
				CLANG_ENABLE_MODULES = YES;
				CLANG_ENABLE_OBJC_ARC = YES;
				CLANG_ENABLE_OBJC_WEAK = YES;
				CLANG_WARN_BLOCK_CAPTURE_AUTORELEASING = YES;
				CLANG_WARN_BOOL_CONVERSION = YES;
				CLANG_WARN_COMMA = YES;
				CLANG_WARN_CONSTANT_CONVERSION = YES;
				CLANG_WARN_DEPRECATED_OBJC_IMPLEMENTATIONS = YES;
				CLANG_WARN_DIRECT_OBJC_ISA_USAGE = YES_ERROR;
				CLANG_WARN_DOCUMENTATION_COMMENTS = YES;
				CLANG_WARN_EMPTY_BODY = YES;
				CLANG_WARN_ENUM_CONVERSION = YES;
				CLANG_WARN_INFINITE_RECURSION = YES;
				CLANG_WARN_INT_CONVERSION = YES;
				CLANG_WARN_NON_LITERAL_NULL_CONVERSION = YES;
				CLANG_WARN_OBJC_IMPLICIT_RETAIN_SELF = YES;
				CLANG_WARN_OBJC_LITERAL_CONVERSION = YES;
				CLANG_WARN_OBJC_ROOT_CLASS = YES_ERROR;
				CLANG_WARN_QUOTED_INCLUDE_IN_FRAMEWORK_HEADER = YES;
				CLANG_WARN_RANGE_LOOP_ANALYSIS = YES;
				CLANG_WARN_STRICT_PROTOTYPES = YES;
				CLANG_WARN_SUSPICIOUS_MOVE = YES;
				CLANG_WARN_UNGUARDED_AVAILABILITY = YES_AGGRESSIVE;
				CLANG_WARN_UNREACHABLE_CODE = YES;
				CLANG_WARN__DUPLICATE_METHOD_MATCH = YES;
				COPY_PHASE_STRIP = NO;
				DEBUG_INFORMATION_FORMAT = "dwarf-with-dsym";
				ENABLE_NS_ASSERTIONS = NO;
				ENABLE_STRICT_OBJC_MSGSEND = YES;
				ENABLE_USER_SCRIPT_SANDBOXING = YES;
				GCC_C_LANGUAGE_STANDARD = gnu17;
				GCC_NO_COMMON_BLOCKS = YES;
				GCC_WARN_64_TO_32_BIT_CONVERSION = YES;
				GCC_WARN_ABOUT_RETURN_TYPE = YES_ERROR;
				GCC_WARN_UNDECLARED_SELECTOR = YES;
				GCC_WARN_UNINITIALIZED_AUTOS = YES_AGGRESSIVE;
				GCC_WARN_UNUSED_FUNCTION = YES;
				GCC_WARN_UNUSED_VARIABLE = YES;
				IPHONEOS_DEPLOYMENT_TARGET = 18.1;
				LOCALIZATION_PREFERS_STRING_CATALOGS = YES;
				MTL_ENABLE_DEBUG_INFO = NO;
				MTL_FAST_MATH = YES;
				SDKROOT = iphoneos;
				SWIFT_COMPILATION_MODE = wholemodule;
				VALIDATE_PRODUCT = YES;
			};
			name = Release;
		};
		EE73B71D2E6F09720061DE68 /* Debug */ = {
			isa = XCBuildConfiguration;
			buildSettings = {
				ASSETCATALOG_COMPILER_APPICON_NAME = AppIcon;
				ASSETCATALOG_COMPILER_GLOBAL_ACCENT_COLOR_NAME = AccentColor;
				CODE_SIGN_ENTITLEMENTS = WaterTracker/WaterTracker.entitlements;
				CODE_SIGN_STYLE = Automatic;
				CURRENT_PROJECT_VERSION = 14;
				DEVELOPMENT_ASSET_PATHS = "\"WaterTracker/Preview Content\"";
				DEVELOPMENT_TEAM = 7SVA3R34P5;
				ENABLE_PREVIEWS = YES;
				GENERATE_INFOPLIST_FILE = YES;
				INFOPLIST_FILE = WaterTracker/Info.plist;
				INFOPLIST_KEY_CFBundleDisplayName = "Water Tracker";
				INFOPLIST_KEY_LSApplicationCategoryType = "public.app-category.healthcare-fitness";
				INFOPLIST_KEY_NSCameraUsageDescription = "To analyze your drinks from photos";
				INFOPLIST_KEY_NSHealthShareUsageDescription = "Aquio uses your health data to provide personalized hydration recommendations. We access your age, height, weight, and sleep data to calculate your optimal daily water intake and suggest adjustments based on your sleep patterns.";
				INFOPLIST_KEY_NSHealthUpdateUsageDescription = "WaterTracker can update your health data to track your hydration progress and provide better recommendations based on your health metrics.";
				INFOPLIST_KEY_NSLocationWhenInUseUsageDescription = "WaterTracker uses your location to provide accurate weather-based hydration recommendations. Your location helps us determine local weather conditions that affect your water intake needs.";
				INFOPLIST_KEY_NSPhotoLibraryUsageDescription = "To analyze your drinks from photos";
				INFOPLIST_KEY_NSUserTrackingUsageDescription = "Allow tracking for personalized ads";
				INFOPLIST_KEY_UIApplicationSceneManifest_Generation = YES;
				INFOPLIST_KEY_UIApplicationSupportsIndirectInputEvents = YES;
				INFOPLIST_KEY_UILaunchScreen_Generation = YES;
				INFOPLIST_KEY_UISupportedInterfaceOrientations = UIInterfaceOrientationPortrait;
				INFOPLIST_KEY_UISupportedInterfaceOrientations_iPad = "UIInterfaceOrientationLandscapeLeft UIInterfaceOrientationLandscapeRight UIInterfaceOrientationPortrait UIInterfaceOrientationPortraitUpsideDown";
				IPHONEOS_DEPLOYMENT_TARGET = 17.0;
				LD_RUNPATH_SEARCH_PATHS = (
					"$(inherited)",
					"@executable_path/Frameworks",
				);
				MARKETING_VERSION = 1.0.0;
				PRODUCT_BUNDLE_IDENTIFIER = com.yevbas.aquioapp;
				PRODUCT_NAME = "$(TARGET_NAME)";
				SUPPORTED_PLATFORMS = "iphoneos iphonesimulator";
				SUPPORTS_MACCATALYST = NO;
				SUPPORTS_MAC_DESIGNED_FOR_IPHONE_IPAD = NO;
				SWIFT_EMIT_LOC_STRINGS = YES;
				SWIFT_VERSION = 5.0;
				TARGETED_DEVICE_FAMILY = 1;
			};
			name = Debug;
		};
		EE73B71E2E6F09720061DE68 /* Release */ = {
			isa = XCBuildConfiguration;
			buildSettings = {
				ASSETCATALOG_COMPILER_APPICON_NAME = AppIcon;
				ASSETCATALOG_COMPILER_GLOBAL_ACCENT_COLOR_NAME = AccentColor;
				CODE_SIGN_ENTITLEMENTS = WaterTracker/WaterTracker.entitlements;
				CODE_SIGN_STYLE = Automatic;
				CURRENT_PROJECT_VERSION = 14;
				DEVELOPMENT_ASSET_PATHS = "\"WaterTracker/Preview Content\"";
				DEVELOPMENT_TEAM = 7SVA3R34P5;
				ENABLE_PREVIEWS = YES;
				GENERATE_INFOPLIST_FILE = YES;
				INFOPLIST_FILE = WaterTracker/Info.plist;
				INFOPLIST_KEY_CFBundleDisplayName = "Water Tracker";
				INFOPLIST_KEY_LSApplicationCategoryType = "public.app-category.healthcare-fitness";
				INFOPLIST_KEY_NSCameraUsageDescription = "To analyze your drinks from photos";
				INFOPLIST_KEY_NSHealthShareUsageDescription = "Aquio uses your health data to provide personalized hydration recommendations. We access your age, height, weight, and sleep data to calculate your optimal daily water intake and suggest adjustments based on your sleep patterns.";
				INFOPLIST_KEY_NSHealthUpdateUsageDescription = "WaterTracker can update your health data to track your hydration progress and provide better recommendations based on your health metrics.";
				INFOPLIST_KEY_NSLocationWhenInUseUsageDescription = "WaterTracker uses your location to provide accurate weather-based hydration recommendations. Your location helps us determine local weather conditions that affect your water intake needs.";
				INFOPLIST_KEY_NSPhotoLibraryUsageDescription = "To analyze your drinks from photos";
				INFOPLIST_KEY_NSUserTrackingUsageDescription = "Allow tracking for personalized ads";
				INFOPLIST_KEY_UIApplicationSceneManifest_Generation = YES;
				INFOPLIST_KEY_UIApplicationSupportsIndirectInputEvents = YES;
				INFOPLIST_KEY_UILaunchScreen_Generation = YES;
				INFOPLIST_KEY_UISupportedInterfaceOrientations = UIInterfaceOrientationPortrait;
				INFOPLIST_KEY_UISupportedInterfaceOrientations_iPad = "UIInterfaceOrientationLandscapeLeft UIInterfaceOrientationLandscapeRight UIInterfaceOrientationPortrait UIInterfaceOrientationPortraitUpsideDown";
				IPHONEOS_DEPLOYMENT_TARGET = 17.0;
				LD_RUNPATH_SEARCH_PATHS = (
					"$(inherited)",
					"@executable_path/Frameworks",
				);
				MARKETING_VERSION = 1.0.0;
				PRODUCT_BUNDLE_IDENTIFIER = com.yevbas.aquioapp;
				PRODUCT_NAME = "$(TARGET_NAME)";
				SUPPORTED_PLATFORMS = "iphoneos iphonesimulator";
				SUPPORTS_MACCATALYST = NO;
				SUPPORTS_MAC_DESIGNED_FOR_IPHONE_IPAD = NO;
				SWIFT_EMIT_LOC_STRINGS = YES;
				SWIFT_VERSION = 5.0;
				TARGETED_DEVICE_FAMILY = 1;
			};
			name = Release;
		};
/* End XCBuildConfiguration section */

/* Begin XCConfigurationList section */
		EE73B7092E6F09710061DE68 /* Build configuration list for PBXProject "WaterTracker" */ = {
			isa = XCConfigurationList;
			buildConfigurations = (
				EE73B71A2E6F09720061DE68 /* Debug */,
				EE73B71B2E6F09720061DE68 /* Release */,
			);
			defaultConfigurationIsVisible = 0;
			defaultConfigurationName = Release;
		};
		EE73B71C2E6F09720061DE68 /* Build configuration list for PBXNativeTarget "WaterTracker" */ = {
			isa = XCConfigurationList;
			buildConfigurations = (
				EE73B71D2E6F09720061DE68 /* Debug */,
				EE73B71E2E6F09720061DE68 /* Release */,
			);
			defaultConfigurationIsVisible = 0;
			defaultConfigurationName = Release;
		};
/* End XCConfigurationList section */

/* Begin XCRemoteSwiftPackageReference section */
		EE3F7D7F2E8AAA4B00031995 /* XCRemoteSwiftPackageReference "purchases-ios-spm" */ = {
			isa = XCRemoteSwiftPackageReference;
			repositoryURL = "https://github.com/RevenueCat/purchases-ios-spm";
			requirement = {
				kind = upToNextMajorVersion;
				minimumVersion = 5.40.0;
			};
		};
		EE3F7F132E8ACC1600031995 /* XCRemoteSwiftPackageReference "swift-package-manager-google-mobile-ads" */ = {
			isa = XCRemoteSwiftPackageReference;
			repositoryURL = "https://github.com/googleads/swift-package-manager-google-mobile-ads.git";
			requirement = {
				kind = upToNextMajorVersion;
				minimumVersion = 12.11.0;
			};
		};
		EE3F7F162E8ACC5B00031995 /* XCRemoteSwiftPackageReference "firebase-ios-sdk" */ = {
			isa = XCRemoteSwiftPackageReference;
			repositoryURL = "https://github.com/firebase/firebase-ios-sdk";
			requirement = {
				kind = upToNextMajorVersion;
				minimumVersion = 12.3.0;
			};
		};
		EE3F7F282E8ADCEC00031995 /* XCRemoteSwiftPackageReference "OpenAI" */ = {
			isa = XCRemoteSwiftPackageReference;
			repositoryURL = "https://github.com/MacPaw/OpenAI.git";
			requirement = {
				kind = upToNextMajorVersion;
				minimumVersion = 0.4.3;
			};
		};
		EE45299A2E7D5623007543B3 /* XCRemoteSwiftPackageReference "lottie-spm" */ = {
			isa = XCRemoteSwiftPackageReference;
			repositoryURL = "https://github.com/airbnb/lottie-spm.git";
			requirement = {
				kind = upToNextMajorVersion;
				minimumVersion = 4.5.2;
			};
		};
/* End XCRemoteSwiftPackageReference section */

/* Begin XCSwiftPackageProductDependency section */
		EE3F7D802E8AAA4B00031995 /* RevenueCat */ = {
			isa = XCSwiftPackageProductDependency;
			package = EE3F7D7F2E8AAA4B00031995 /* XCRemoteSwiftPackageReference "purchases-ios-spm" */;
			productName = RevenueCat;
		};
		EE3F7D822E8AAA4B00031995 /* RevenueCatUI */ = {
			isa = XCSwiftPackageProductDependency;
			package = EE3F7D7F2E8AAA4B00031995 /* XCRemoteSwiftPackageReference "purchases-ios-spm" */;
			productName = RevenueCatUI;
		};
		EE3F7F142E8ACC1600031995 /* GoogleMobileAds */ = {
			isa = XCSwiftPackageProductDependency;
			package = EE3F7F132E8ACC1600031995 /* XCRemoteSwiftPackageReference "swift-package-manager-google-mobile-ads" */;
			productName = GoogleMobileAds;
		};
		EE3F7F172E8ACC5B00031995 /* FirebaseCore */ = {
			isa = XCSwiftPackageProductDependency;
			package = EE3F7F162E8ACC5B00031995 /* XCRemoteSwiftPackageReference "firebase-ios-sdk" */;
			productName = FirebaseCore;
		};
		EE3F7F192E8ACC5B00031995 /* FirebaseCrashlytics */ = {
			isa = XCSwiftPackageProductDependency;
			package = EE3F7F162E8ACC5B00031995 /* XCRemoteSwiftPackageReference "firebase-ios-sdk" */;
			productName = FirebaseCrashlytics;
		};
		EE3F7F1B2E8ACC5B00031995 /* FirebaseRemoteConfig */ = {
			isa = XCSwiftPackageProductDependency;
			package = EE3F7F162E8ACC5B00031995 /* XCRemoteSwiftPackageReference "firebase-ios-sdk" */;
			productName = FirebaseRemoteConfig;
		};
		EE3F7F292E8ADCEC00031995 /* OpenAI */ = {
			isa = XCSwiftPackageProductDependency;
			package = EE3F7F282E8ADCEC00031995 /* XCRemoteSwiftPackageReference "OpenAI" */;
			productName = OpenAI;
		};
		EE45299B2E7D5623007543B3 /* Lottie */ = {
			isa = XCSwiftPackageProductDependency;
			package = EE45299A2E7D5623007543B3 /* XCRemoteSwiftPackageReference "lottie-spm" */;
			productName = Lottie;
		};
/* End XCSwiftPackageProductDependency section */
	};
	rootObject = EE73B7062E6F09710061DE68 /* Project object */;
}
