{
  "originHash" : "b7422b452abe5558b6f5e80a7266308014b3d07cdd9221fd332744750960a080",
  "pins" : [
    {
      "identity" : "lottie-spm",
      "kind" : "remoteSourceControl",
      "location" : "https://github.com/airbnb/lottie-spm.git",
      "state" : {
        "revision" : "04f2fd18cc9404a0a0917265a449002674f24ec9",
        "version" : "4.5.2"
      }
    },
    {
      "identity" : "purchases-ios-spm",
      "kind" : "remoteSourceControl",
      "location" : "https://github.com/RevenueCat/purchases-ios-spm",
      "state" : {
        "revision" : "a315ca87fcec9fa6290c538e88e2f0a62f796458",
        "version" : "5.40.0"
      }
    }
  ],
  "version" : 3
}
